
Microsoft Visual Studio Solution File, Format Version 12.00
# Visual Studio Version 17
VisualStudioVersion = 17.13.35931.197 d17.13
MinimumVisualStudioVersion = 10.0.40219.1
Project("{2150E333-8FDC-42A3-9474-1A3956D46DE8}") = "src", "src", "{02EA681E-C7D8-13C7-8484-4AC65E1B71E8}"
EndProject
Project("{2150E333-8FDC-42A3-9474-1A3956D46DE8}") = "Domain", "Domain", "{959CAF95-737F-4C4A-BAA3-EBFAB0A2F89C}"
EndProject
Project("{FAE04EC0-301F-11D3-BF4B-00C04F79EFBC}") = "MyProfile.Domain", "MyProfile.Domain\MyProfile.Domain.csproj", "{A4EC15F4-4F39-4E80-9274-362827727949}"
EndProject
Project("{2150E333-8FDC-42A3-9474-1A3956D46DE8}") = "Infrastructure", "Infrastructure", "{1DEF05F0-3F6C-4F27-8333-EB408A91C7F4}"
EndProject
Project("{FAE04EC0-301F-11D3-BF4B-00C04F79EFBC}") = "MyProfile.Infrastructure", "MyProfile.Infrastructure\MyProfile.Infrastructure.csproj", "{81EC30F6-2E25-4AC0-BE3D-1A8A87E8420E}"
EndProject
Project("{2150E333-8FDC-42A3-9474-1A3956D46DE8}") = "Application", "Application", "{A4ADAAFF-F695-44DD-9A9F-1DE93A089877}"
EndProject
Project("{FAE04EC0-301F-11D3-BF4B-00C04F79EFBC}") = "MyProfile.Application", "MyProfile.Application\MyProfile.Application.csproj", "{35D296C7-BB34-4433-856A-07EFC83547D3}"
EndProject
Project("{2150E333-8FDC-42A3-9474-1A3956D46DE8}") = "API", "API", "{C0BC13C9-D0A0-4CDD-9708-62508B829202}"
EndProject
Project("{FAE04EC0-301F-11D3-BF4B-00C04F79EFBC}") = "MyProject.Backend", "MyProject.Backend\MyProject.Backend.csproj", "{840BE1B9-C699-4FF8-85FD-6237767C769D}"
EndProject
Project("{2150E333-8FDC-42A3-9474-1A3956D46DE8}") = "Testing", "Testing", "{9F7DD85F-08EC-41F3-8C28-423AFB499FEA}"
EndProject
Project("{FAE04EC0-301F-11D3-BF4B-00C04F79EFBC}") = "MyProfile.Testing", "MyProfile.Testing\MyProfile.Testing.csproj", "{BE5A4FCA-4CC6-4AC0-85D0-F739DC6E1430}"
EndProject
Global
	GlobalSection(SolutionConfigurationPlatforms) = preSolution
		Debug|Any CPU = Debug|Any CPU
		Release|Any CPU = Release|Any CPU
	EndGlobalSection
	GlobalSection(ProjectConfigurationPlatforms) = postSolution
		{A4EC15F4-4F39-4E80-9274-362827727949}.Debug|Any CPU.ActiveCfg = Debug|Any CPU
		{A4EC15F4-4F39-4E80-9274-362827727949}.Debug|Any CPU.Build.0 = Debug|Any CPU
		{A4EC15F4-4F39-4E80-9274-362827727949}.Release|Any CPU.ActiveCfg = Release|Any CPU
		{A4EC15F4-4F39-4E80-9274-362827727949}.Release|Any CPU.Build.0 = Release|Any CPU
		{81EC30F6-2E25-4AC0-BE3D-1A8A87E8420E}.Debug|Any CPU.ActiveCfg = Debug|Any CPU
		{81EC30F6-2E25-4AC0-BE3D-1A8A87E8420E}.Debug|Any CPU.Build.0 = Debug|Any CPU
		{81EC30F6-2E25-4AC0-BE3D-1A8A87E8420E}.Release|Any CPU.ActiveCfg = Release|Any CPU
		{81EC30F6-2E25-4AC0-BE3D-1A8A87E8420E}.Release|Any CPU.Build.0 = Release|Any CPU
		{35D296C7-BB34-4433-856A-07EFC83547D3}.Debug|Any CPU.ActiveCfg = Debug|Any CPU
		{35D296C7-BB34-4433-856A-07EFC83547D3}.Debug|Any CPU.Build.0 = Debug|Any CPU
		{35D296C7-BB34-4433-856A-07EFC83547D3}.Release|Any CPU.ActiveCfg = Release|Any CPU
		{35D296C7-BB34-4433-856A-07EFC83547D3}.Release|Any CPU.Build.0 = Release|Any CPU
		{840BE1B9-C699-4FF8-85FD-6237767C769D}.Debug|Any CPU.ActiveCfg = Debug|Any CPU
		{840BE1B9-C699-4FF8-85FD-6237767C769D}.Debug|Any CPU.Build.0 = Debug|Any CPU
		{840BE1B9-C699-4FF8-85FD-6237767C769D}.Release|Any CPU.ActiveCfg = Release|Any CPU
		{840BE1B9-C699-4FF8-85FD-6237767C769D}.Release|Any CPU.Build.0 = Release|Any CPU
		{BE5A4FCA-4CC6-4AC0-85D0-F739DC6E1430}.Debug|Any CPU.ActiveCfg = Debug|Any CPU
		{BE5A4FCA-4CC6-4AC0-85D0-F739DC6E1430}.Debug|Any CPU.Build.0 = Debug|Any CPU
		{BE5A4FCA-4CC6-4AC0-85D0-F739DC6E1430}.Release|Any CPU.ActiveCfg = Release|Any CPU
		{BE5A4FCA-4CC6-4AC0-85D0-F739DC6E1430}.Release|Any CPU.Build.0 = Release|Any CPU
	EndGlobalSection
	GlobalSection(SolutionProperties) = preSolution
		HideSolutionNode = FALSE
	EndGlobalSection
	GlobalSection(NestedProjects) = preSolution
		{959CAF95-737F-4C4A-BAA3-EBFAB0A2F89C} = {02EA681E-C7D8-13C7-8484-4AC65E1B71E8}
		{A4EC15F4-4F39-4E80-9274-362827727949} = {959CAF95-737F-4C4A-BAA3-EBFAB0A2F89C}
		{1DEF05F0-3F6C-4F27-8333-EB408A91C7F4} = {02EA681E-C7D8-13C7-8484-4AC65E1B71E8}
		{81EC30F6-2E25-4AC0-BE3D-1A8A87E8420E} = {1DEF05F0-3F6C-4F27-8333-EB408A91C7F4}
		{A4ADAAFF-F695-44DD-9A9F-1DE93A089877} = {02EA681E-C7D8-13C7-8484-4AC65E1B71E8}
		{35D296C7-BB34-4433-856A-07EFC83547D3} = {A4ADAAFF-F695-44DD-9A9F-1DE93A089877}
		{C0BC13C9-D0A0-4CDD-9708-62508B829202} = {02EA681E-C7D8-13C7-8484-4AC65E1B71E8}
		{840BE1B9-C699-4FF8-85FD-6237767C769D} = {C0BC13C9-D0A0-4CDD-9708-62508B829202}
		{9F7DD85F-08EC-41F3-8C28-423AFB499FEA} = {02EA681E-C7D8-13C7-8484-4AC65E1B71E8}
		{BE5A4FCA-4CC6-4AC0-85D0-F739DC6E1430} = {9F7DD85F-08EC-41F3-8C28-423AFB499FEA}
	EndGlobalSection
	GlobalSection(ExtensibilityGlobals) = postSolution
		SolutionGuid = {F4979A21-4B7D-48D5-B84C-51B623B78890}
	EndGlobalSection
EndGlobal
